
Microsoft Visual Studio Solution File, Format Version 12.00
# Visual Studio 15
VisualStudioVersion = 15.0.28307.489
MinimumVisualStudioVersion = 10.0.40219.1
Project("{FAE04EC0-301F-11D3-BF4B-00C04F79EFBC}") = "EndlessLauncher", "EndlessLauncher\EndlessLauncher.csproj", "{A166D3B5-8053-4D2E-B326-F43AC098187F}"
EndProject
Global
	GlobalSection(SolutionConfigurationPlatforms) = preSolution
		Debug|Any CPU = Debug|Any CPU
		Release|Any CPU = Release|Any CPU
	EndGlobalSection
	GlobalSection(ProjectConfigurationPlatforms) = postSolution
		{A166D3B5-8053-4D2E-B326-F43AC098187F}.Debug|Any CPU.ActiveCfg = Debug|Any CPU
		{A166D3B5-8053-4D2E-B326-F43AC098187F}.Debug|Any CPU.Build.0 = Debug|Any CPU
		{A166D3B5-8053-4D2E-B326-F43AC098187F}.Release|Any CPU.ActiveCfg = Release|Any CPU
		{A166D3B5-8053-4D2E-B326-F43AC098187F}.Release|Any CPU.Build.0 = Release|Any CPU
	EndGlobalSection
	GlobalSection(SolutionProperties) = preSolution
		HideSolutionNode = FALSE
	EndGlobalSection
	GlobalSection(ExtensibilityGlobals) = postSolution
		SolutionGuid = {B6E8ACB1-3FED-4AE1-AA1F-6AD5AF90CC06}
	EndGlobalSection
EndGlobal
