
Microsoft Visual Studio Solution File, Format Version 12.00
# Visual Studio Version 16
VisualStudioVersion = 16.0.30406.217
MinimumVisualStudioVersion = 10.0.40219.1
Project("{FAE04EC0-301F-11D3-BF4B-00C04F79EFBC}") = "EndlessLauncher", "EndlessLauncher\EndlessLauncher.csproj", "{A166D3B5-8053-4D2E-B326-F43AC098187F}"
EndProject
Project("{8BC9CEB8-8B4A-11D0-8D11-00A0C91BC942}") = "KolibriShortcut", "KolibriShortcut\KolibriShortcut.vcxproj", "{5A0416CD-8F36-4F72-9A42-A9FF5F0823B6}"
EndProject
Global
	GlobalSection(SolutionConfigurationPlatforms) = preSolution
		Debug|Any CPU = Debug|Any CPU
		Release|Any CPU = Release|Any CPU
	EndGlobalSection
	GlobalSection(ProjectConfigurationPlatforms) = postSolution
		{A166D3B5-8053-4D2E-B326-F43AC098187F}.Debug|Any CPU.ActiveCfg = Debug|Any CPU
		{A166D3B5-8053-4D2E-B326-F43AC098187F}.Debug|Any CPU.Build.0 = Debug|Any CPU
		{A166D3B5-8053-4D2E-B326-F43AC098187F}.Release|Any CPU.ActiveCfg = Release|Any CPU
		{A166D3B5-8053-4D2E-B326-F43AC098187F}.Release|Any CPU.Build.0 = Release|Any CPU
		{5A0416CD-8F36-4F72-9A42-A9FF5F0823B6}.Debug|Any CPU.ActiveCfg = Debug|x86
		{5A0416CD-8F36-4F72-9A42-A9FF5F0823B6}.Debug|Any CPU.Build.0 = Debug|x86
		{5A0416CD-8F36-4F72-9A42-A9FF5F0823B6}.Release|Any CPU.ActiveCfg = Release|x86
		{5A0416CD-8F36-4F72-9A42-A9FF5F0823B6}.Release|Any CPU.Build.0 = Release|x86
	EndGlobalSection
	GlobalSection(SolutionProperties) = preSolution
		HideSolutionNode = FALSE
	EndGlobalSection
	GlobalSection(ExtensibilityGlobals) = postSolution
		SolutionGuid = {B6E8ACB1-3FED-4AE1-AA1F-6AD5AF90CC06}
	EndGlobalSection
EndGlobal
